
Microsoft Visual Studio Solution File, Format Version 12.00
# Visual Studio 15
VisualStudioVersion = 15.0.26730.12
MinimumVisualStudioVersion = 10.0.40219.1
Project("{FAE04EC0-301F-11D3-BF4B-00C04F79EFBC}") = "App2.Android", "App2\App2.Android\App2.Android.csproj", "{483557DB-833E-4754-9613-5D0DCF0E3FB3}"
EndProject
Project("{FAE04EC0-301F-11D3-BF4B-00C04F79EFBC}") = "App2", "App2\App2\App2.csproj", "{9641A969-1BD1-4C27-B1DA-B04406631FF7}"
EndProject
Project("{FAE04EC0-301F-11D3-BF4B-00C04F79EFBC}") = "App2.UWP", "App2\App2.UWP\App2.UWP.csproj", "{487B5812-8BCE-4450-8EC5-83BAA507396B}"
EndProject
Project("{FAE04EC0-301F-11D3-BF4B-00C04F79EFBC}") = "App2.iOS", "App2\App2.iOS\App2.iOS.csproj", "{201BF829-6EBF-4963-937D-92F524419A14}"
EndProject
Global
	GlobalSection(SolutionConfigurationPlatforms) = preSolution
		Ad-Hoc|Any CPU = Ad-Hoc|Any CPU
		Ad-Hoc|ARM = Ad-Hoc|ARM
		Ad-Hoc|iPhone = Ad-Hoc|iPhone
		Ad-Hoc|iPhoneSimulator = Ad-Hoc|iPhoneSimulator
		Ad-Hoc|x64 = Ad-Hoc|x64
		Ad-Hoc|x86 = Ad-Hoc|x86
		AppStore|Any CPU = AppStore|Any CPU
		AppStore|ARM = AppStore|ARM
		AppStore|iPhone = AppStore|iPhone
		AppStore|iPhoneSimulator = AppStore|iPhoneSimulator
		AppStore|x64 = AppStore|x64
		AppStore|x86 = AppStore|x86
		Debug|Any CPU = Debug|Any CPU
		Debug|ARM = Debug|ARM
		Debug|iPhone = Debug|iPhone
		Debug|iPhoneSimulator = Debug|iPhoneSimulator
		Debug|x64 = Debug|x64
		Debug|x86 = Debug|x86
		Release|Any CPU = Release|Any CPU
		Release|ARM = Release|ARM
		Release|iPhone = Release|iPhone
		Release|iPhoneSimulator = Release|iPhoneSimulator
		Release|x64 = Release|x64
		Release|x86 = Release|x86
	EndGlobalSection
	GlobalSection(ProjectConfigurationPlatforms) = postSolution
		{483557DB-833E-4754-9613-5D0DCF0E3FB3}.Ad-Hoc|Any CPU.ActiveCfg = Release|Any CPU
		{483557DB-833E-4754-9613-5D0DCF0E3FB3}.Ad-Hoc|Any CPU.Build.0 = Release|Any CPU
		{483557DB-833E-4754-9613-5D0DCF0E3FB3}.Ad-Hoc|Any CPU.Deploy.0 = Release|Any CPU
		{483557DB-833E-4754-9613-5D0DCF0E3FB3}.Ad-Hoc|ARM.ActiveCfg = Release|Any CPU
		{483557DB-833E-4754-9613-5D0DCF0E3FB3}.Ad-Hoc|ARM.Build.0 = Release|Any CPU
		{483557DB-833E-4754-9613-5D0DCF0E3FB3}.Ad-Hoc|ARM.Deploy.0 = Release|Any CPU
		{483557DB-833E-4754-9613-5D0DCF0E3FB3}.Ad-Hoc|iPhone.ActiveCfg = Release|Any CPU
		{483557DB-833E-4754-9613-5D0DCF0E3FB3}.Ad-Hoc|iPhone.Build.0 = Release|Any CPU
		{483557DB-833E-4754-9613-5D0DCF0E3FB3}.Ad-Hoc|iPhone.Deploy.0 = Release|Any CPU
		{483557DB-833E-4754-9613-5D0DCF0E3FB3}.Ad-Hoc|iPhoneSimulator.ActiveCfg = Release|Any CPU
		{483557DB-833E-4754-9613-5D0DCF0E3FB3}.Ad-Hoc|iPhoneSimulator.Build.0 = Release|Any CPU
		{483557DB-833E-4754-9613-5D0DCF0E3FB3}.Ad-Hoc|iPhoneSimulator.Deploy.0 = Release|Any CPU
		{483557DB-833E-4754-9613-5D0DCF0E3FB3}.Ad-Hoc|x64.ActiveCfg = Release|Any CPU
		{483557DB-833E-4754-9613-5D0DCF0E3FB3}.Ad-Hoc|x64.Build.0 = Release|Any CPU
		{483557DB-833E-4754-9613-5D0DCF0E3FB3}.Ad-Hoc|x64.Deploy.0 = Release|Any CPU
		{483557DB-833E-4754-9613-5D0DCF0E3FB3}.Ad-Hoc|x86.ActiveCfg = Release|Any CPU
		{483557DB-833E-4754-9613-5D0DCF0E3FB3}.Ad-Hoc|x86.Build.0 = Release|Any CPU
		{483557DB-833E-4754-9613-5D0DCF0E3FB3}.Ad-Hoc|x86.Deploy.0 = Release|Any CPU
		{483557DB-833E-4754-9613-5D0DCF0E3FB3}.AppStore|Any CPU.ActiveCfg = Release|Any CPU
		{483557DB-833E-4754-9613-5D0DCF0E3FB3}.AppStore|Any CPU.Build.0 = Release|Any CPU
		{483557DB-833E-4754-9613-5D0DCF0E3FB3}.AppStore|Any CPU.Deploy.0 = Release|Any CPU
		{483557DB-833E-4754-9613-5D0DCF0E3FB3}.AppStore|ARM.ActiveCfg = Release|Any CPU
		{483557DB-833E-4754-9613-5D0DCF0E3FB3}.AppStore|ARM.Build.0 = Release|Any CPU
		{483557DB-833E-4754-9613-5D0DCF0E3FB3}.AppStore|ARM.Deploy.0 = Release|Any CPU
		{483557DB-833E-4754-9613-5D0DCF0E3FB3}.AppStore|iPhone.ActiveCfg = Release|Any CPU
		{483557DB-833E-4754-9613-5D0DCF0E3FB3}.AppStore|iPhone.Build.0 = Release|Any CPU
		{483557DB-833E-4754-9613-5D0DCF0E3FB3}.AppStore|iPhone.Deploy.0 = Release|Any CPU
		{483557DB-833E-4754-9613-5D0DCF0E3FB3}.AppStore|iPhoneSimulator.ActiveCfg = Release|Any CPU
		{483557DB-833E-4754-9613-5D0DCF0E3FB3}.AppStore|iPhoneSimulator.Build.0 = Release|Any CPU
		{483557DB-833E-4754-9613-5D0DCF0E3FB3}.AppStore|iPhoneSimulator.Deploy.0 = Release|Any CPU
		{483557DB-833E-4754-9613-5D0DCF0E3FB3}.AppStore|x64.ActiveCfg = Release|Any CPU
		{483557DB-833E-4754-9613-5D0DCF0E3FB3}.AppStore|x64.Build.0 = Release|Any CPU
		{483557DB-833E-4754-9613-5D0DCF0E3FB3}.AppStore|x64.Deploy.0 = Release|Any CPU
		{483557DB-833E-4754-9613-5D0DCF0E3FB3}.AppStore|x86.ActiveCfg = Release|Any CPU
		{483557DB-833E-4754-9613-5D0DCF0E3FB3}.AppStore|x86.Build.0 = Release|Any CPU
		{483557DB-833E-4754-9613-5D0DCF0E3FB3}.AppStore|x86.Deploy.0 = Release|Any CPU
		{483557DB-833E-4754-9613-5D0DCF0E3FB3}.Debug|Any CPU.ActiveCfg = Debug|Any CPU
		{483557DB-833E-4754-9613-5D0DCF0E3FB3}.Debug|Any CPU.Build.0 = Debug|Any CPU
		{483557DB-833E-4754-9613-5D0DCF0E3FB3}.Debug|Any CPU.Deploy.0 = Debug|Any CPU
		{483557DB-833E-4754-9613-5D0DCF0E3FB3}.Debug|ARM.ActiveCfg = Debug|Any CPU
		{483557DB-833E-4754-9613-5D0DCF0E3FB3}.Debug|ARM.Build.0 = Debug|Any CPU
		{483557DB-833E-4754-9613-5D0DCF0E3FB3}.Debug|ARM.Deploy.0 = Debug|Any CPU
		{483557DB-833E-4754-9613-5D0DCF0E3FB3}.Debug|iPhone.ActiveCfg = Debug|Any CPU
		{483557DB-833E-4754-9613-5D0DCF0E3FB3}.Debug|iPhone.Build.0 = Debug|Any CPU
		{483557DB-833E-4754-9613-5D0DCF0E3FB3}.Debug|iPhone.Deploy.0 = Debug|Any CPU
		{483557DB-833E-4754-9613-5D0DCF0E3FB3}.Debug|iPhoneSimulator.ActiveCfg = Debug|Any CPU
		{483557DB-833E-4754-9613-5D0DCF0E3FB3}.Debug|iPhoneSimulator.Build.0 = Debug|Any CPU
		{483557DB-833E-4754-9613-5D0DCF0E3FB3}.Debug|iPhoneSimulator.Deploy.0 = Debug|Any CPU
		{483557DB-833E-4754-9613-5D0DCF0E3FB3}.Debug|x64.ActiveCfg = Debug|Any CPU
		{483557DB-833E-4754-9613-5D0DCF0E3FB3}.Debug|x64.Build.0 = Debug|Any CPU
		{483557DB-833E-4754-9613-5D0DCF0E3FB3}.Debug|x64.Deploy.0 = Debug|Any CPU
		{483557DB-833E-4754-9613-5D0DCF0E3FB3}.Debug|x86.ActiveCfg = Debug|Any CPU
		{483557DB-833E-4754-9613-5D0DCF0E3FB3}.Debug|x86.Build.0 = Debug|Any CPU
		{483557DB-833E-4754-9613-5D0DCF0E3FB3}.Debug|x86.Deploy.0 = Debug|Any CPU
		{483557DB-833E-4754-9613-5D0DCF0E3FB3}.Release|Any CPU.ActiveCfg = Release|Any CPU
		{483557DB-833E-4754-9613-5D0DCF0E3FB3}.Release|Any CPU.Build.0 = Release|Any CPU
		{483557DB-833E-4754-9613-5D0DCF0E3FB3}.Release|Any CPU.Deploy.0 = Release|Any CPU
		{483557DB-833E-4754-9613-5D0DCF0E3FB3}.Release|ARM.ActiveCfg = Release|Any CPU
		{483557DB-833E-4754-9613-5D0DCF0E3FB3}.Release|ARM.Build.0 = Release|Any CPU
		{483557DB-833E-4754-9613-5D0DCF0E3FB3}.Release|ARM.Deploy.0 = Release|Any CPU
		{483557DB-833E-4754-9613-5D0DCF0E3FB3}.Release|iPhone.ActiveCfg = Release|Any CPU
		{483557DB-833E-4754-9613-5D0DCF0E3FB3}.Release|iPhone.Build.0 = Release|Any CPU
		{483557DB-833E-4754-9613-5D0DCF0E3FB3}.Release|iPhone.Deploy.0 = Release|Any CPU
		{483557DB-833E-4754-9613-5D0DCF0E3FB3}.Release|iPhoneSimulator.ActiveCfg = Release|Any CPU
		{483557DB-833E-4754-9613-5D0DCF0E3FB3}.Release|iPhoneSimulator.Build.0 = Release|Any CPU
		{483557DB-833E-4754-9613-5D0DCF0E3FB3}.Release|iPhoneSimulator.Deploy.0 = Release|Any CPU
		{483557DB-833E-4754-9613-5D0DCF0E3FB3}.Release|x64.ActiveCfg = Release|Any CPU
		{483557DB-833E-4754-9613-5D0DCF0E3FB3}.Release|x64.Build.0 = Release|Any CPU
		{483557DB-833E-4754-9613-5D0DCF0E3FB3}.Release|x64.Deploy.0 = Release|Any CPU
		{483557DB-833E-4754-9613-5D0DCF0E3FB3}.Release|x86.ActiveCfg = Release|Any CPU
		{483557DB-833E-4754-9613-5D0DCF0E3FB3}.Release|x86.Build.0 = Release|Any CPU
		{483557DB-833E-4754-9613-5D0DCF0E3FB3}.Release|x86.Deploy.0 = Release|Any CPU
		{9641A969-1BD1-4C27-B1DA-B04406631FF7}.Ad-Hoc|Any CPU.ActiveCfg = Release|Any CPU
		{9641A969-1BD1-4C27-B1DA-B04406631FF7}.Ad-Hoc|Any CPU.Build.0 = Release|Any CPU
		{9641A969-1BD1-4C27-B1DA-B04406631FF7}.Ad-Hoc|ARM.ActiveCfg = Release|Any CPU
		{9641A969-1BD1-4C27-B1DA-B04406631FF7}.Ad-Hoc|ARM.Build.0 = Release|Any CPU
		{9641A969-1BD1-4C27-B1DA-B04406631FF7}.Ad-Hoc|iPhone.ActiveCfg = Release|Any CPU
		{9641A969-1BD1-4C27-B1DA-B04406631FF7}.Ad-Hoc|iPhone.Build.0 = Release|Any CPU
		{9641A969-1BD1-4C27-B1DA-B04406631FF7}.Ad-Hoc|iPhoneSimulator.ActiveCfg = Release|Any CPU
		{9641A969-1BD1-4C27-B1DA-B04406631FF7}.Ad-Hoc|iPhoneSimulator.Build.0 = Release|Any CPU
		{9641A969-1BD1-4C27-B1DA-B04406631FF7}.Ad-Hoc|x64.ActiveCfg = Release|Any CPU
		{9641A969-1BD1-4C27-B1DA-B04406631FF7}.Ad-Hoc|x64.Build.0 = Release|Any CPU
		{9641A969-1BD1-4C27-B1DA-B04406631FF7}.Ad-Hoc|x86.ActiveCfg = Release|Any CPU
		{9641A969-1BD1-4C27-B1DA-B04406631FF7}.Ad-Hoc|x86.Build.0 = Release|Any CPU
		{9641A969-1BD1-4C27-B1DA-B04406631FF7}.AppStore|Any CPU.ActiveCfg = Release|Any CPU
		{9641A969-1BD1-4C27-B1DA-B04406631FF7}.AppStore|Any CPU.Build.0 = Release|Any CPU
		{9641A969-1BD1-4C27-B1DA-B04406631FF7}.AppStore|ARM.ActiveCfg = Release|Any CPU
		{9641A969-1BD1-4C27-B1DA-B04406631FF7}.AppStore|ARM.Build.0 = Release|Any CPU
		{9641A969-1BD1-4C27-B1DA-B04406631FF7}.AppStore|iPhone.ActiveCfg = Release|Any CPU
		{9641A969-1BD1-4C27-B1DA-B04406631FF7}.AppStore|iPhone.Build.0 = Release|Any CPU
		{9641A969-1BD1-4C27-B1DA-B04406631FF7}.AppStore|iPhoneSimulator.ActiveCfg = Release|Any CPU
		{9641A969-1BD1-4C27-B1DA-B04406631FF7}.AppStore|iPhoneSimulator.Build.0 = Release|Any CPU
		{9641A969-1BD1-4C27-B1DA-B04406631FF7}.AppStore|x64.ActiveCfg = Release|Any CPU
		{9641A969-1BD1-4C27-B1DA-B04406631FF7}.AppStore|x64.Build.0 = Release|Any CPU
		{9641A969-1BD1-4C27-B1DA-B04406631FF7}.AppStore|x86.ActiveCfg = Release|Any CPU
		{9641A969-1BD1-4C27-B1DA-B04406631FF7}.AppStore|x86.Build.0 = Release|Any CPU
		{9641A969-1BD1-4C27-B1DA-B04406631FF7}.Debug|Any CPU.ActiveCfg = Debug|Any CPU
		{9641A969-1BD1-4C27-B1DA-B04406631FF7}.Debug|Any CPU.Build.0 = Debug|Any CPU
		{9641A969-1BD1-4C27-B1DA-B04406631FF7}.Debug|ARM.ActiveCfg = Debug|Any CPU
		{9641A969-1BD1-4C27-B1DA-B04406631FF7}.Debug|ARM.Build.0 = Debug|Any CPU
		{9641A969-1BD1-4C27-B1DA-B04406631FF7}.Debug|iPhone.ActiveCfg = Debug|Any CPU
		{9641A969-1BD1-4C27-B1DA-B04406631FF7}.Debug|iPhone.Build.0 = Debug|Any CPU
		{9641A969-1BD1-4C27-B1DA-B04406631FF7}.Debug|iPhoneSimulator.ActiveCfg = Debug|Any CPU
		{9641A969-1BD1-4C27-B1DA-B04406631FF7}.Debug|iPhoneSimulator.Build.0 = Debug|Any CPU
		{9641A969-1BD1-4C27-B1DA-B04406631FF7}.Debug|x64.ActiveCfg = Debug|Any CPU
		{9641A969-1BD1-4C27-B1DA-B04406631FF7}.Debug|x64.Build.0 = Debug|Any CPU
		{9641A969-1BD1-4C27-B1DA-B04406631FF7}.Debug|x86.ActiveCfg = Debug|Any CPU
		{9641A969-1BD1-4C27-B1DA-B04406631FF7}.Debug|x86.Build.0 = Debug|Any CPU
		{9641A969-1BD1-4C27-B1DA-B04406631FF7}.Release|Any CPU.ActiveCfg = Release|Any CPU
		{9641A969-1BD1-4C27-B1DA-B04406631FF7}.Release|Any CPU.Build.0 = Release|Any CPU
		{9641A969-1BD1-4C27-B1DA-B04406631FF7}.Release|ARM.ActiveCfg = Release|Any CPU
		{9641A969-1BD1-4C27-B1DA-B04406631FF7}.Release|ARM.Build.0 = Release|Any CPU
		{9641A969-1BD1-4C27-B1DA-B04406631FF7}.Release|iPhone.ActiveCfg = Release|Any CPU
		{9641A969-1BD1-4C27-B1DA-B04406631FF7}.Release|iPhone.Build.0 = Release|Any CPU
		{9641A969-1BD1-4C27-B1DA-B04406631FF7}.Release|iPhoneSimulator.ActiveCfg = Release|Any CPU
		{9641A969-1BD1-4C27-B1DA-B04406631FF7}.Release|iPhoneSimulator.Build.0 = Release|Any CPU
		{9641A969-1BD1-4C27-B1DA-B04406631FF7}.Release|x64.ActiveCfg = Release|Any CPU
		{9641A969-1BD1-4C27-B1DA-B04406631FF7}.Release|x64.Build.0 = Release|Any CPU
		{9641A969-1BD1-4C27-B1DA-B04406631FF7}.Release|x86.ActiveCfg = Release|Any CPU
		{9641A969-1BD1-4C27-B1DA-B04406631FF7}.Release|x86.Build.0 = Release|Any CPU
		{487B5812-8BCE-4450-8EC5-83BAA507396B}.Ad-Hoc|Any CPU.ActiveCfg = Release|x86
		{487B5812-8BCE-4450-8EC5-83BAA507396B}.Ad-Hoc|Any CPU.Build.0 = Release|x86
		{487B5812-8BCE-4450-8EC5-83BAA507396B}.Ad-Hoc|Any CPU.Deploy.0 = Release|x86
		{487B5812-8BCE-4450-8EC5-83BAA507396B}.Ad-Hoc|ARM.ActiveCfg = Release|ARM
		{487B5812-8BCE-4450-8EC5-83BAA507396B}.Ad-Hoc|ARM.Build.0 = Release|ARM
		{487B5812-8BCE-4450-8EC5-83BAA507396B}.Ad-Hoc|ARM.Deploy.0 = Release|ARM
		{487B5812-8BCE-4450-8EC5-83BAA507396B}.Ad-Hoc|iPhone.ActiveCfg = Release|x86
		{487B5812-8BCE-4450-8EC5-83BAA507396B}.Ad-Hoc|iPhone.Build.0 = Release|x86
		{487B5812-8BCE-4450-8EC5-83BAA507396B}.Ad-Hoc|iPhone.Deploy.0 = Release|x86
		{487B5812-8BCE-4450-8EC5-83BAA507396B}.Ad-Hoc|iPhoneSimulator.ActiveCfg = Release|x86
		{487B5812-8BCE-4450-8EC5-83BAA507396B}.Ad-Hoc|iPhoneSimulator.Build.0 = Release|x86
		{487B5812-8BCE-4450-8EC5-83BAA507396B}.Ad-Hoc|iPhoneSimulator.Deploy.0 = Release|x86
		{487B5812-8BCE-4450-8EC5-83BAA507396B}.Ad-Hoc|x64.ActiveCfg = Release|x64
		{487B5812-8BCE-4450-8EC5-83BAA507396B}.Ad-Hoc|x64.Build.0 = Release|x64
		{487B5812-8BCE-4450-8EC5-83BAA507396B}.Ad-Hoc|x64.Deploy.0 = Release|x64
		{487B5812-8BCE-4450-8EC5-83BAA507396B}.Ad-Hoc|x86.ActiveCfg = Release|x86
		{487B5812-8BCE-4450-8EC5-83BAA507396B}.Ad-Hoc|x86.Build.0 = Release|x86
		{487B5812-8BCE-4450-8EC5-83BAA507396B}.Ad-Hoc|x86.Deploy.0 = Release|x86
		{487B5812-8BCE-4450-8EC5-83BAA507396B}.AppStore|Any CPU.ActiveCfg = Release|x86
		{487B5812-8BCE-4450-8EC5-83BAA507396B}.AppStore|Any CPU.Build.0 = Release|x86
		{487B5812-8BCE-4450-8EC5-83BAA507396B}.AppStore|Any CPU.Deploy.0 = Release|x86
		{487B5812-8BCE-4450-8EC5-83BAA507396B}.AppStore|ARM.ActiveCfg = Release|ARM
		{487B5812-8BCE-4450-8EC5-83BAA507396B}.AppStore|ARM.Build.0 = Release|ARM
		{487B5812-8BCE-4450-8EC5-83BAA507396B}.AppStore|ARM.Deploy.0 = Release|ARM
		{487B5812-8BCE-4450-8EC5-83BAA507396B}.AppStore|iPhone.ActiveCfg = Release|x86
		{487B5812-8BCE-4450-8EC5-83BAA507396B}.AppStore|iPhone.Build.0 = Release|x86
		{487B5812-8BCE-4450-8EC5-83BAA507396B}.AppStore|iPhone.Deploy.0 = Release|x86
		{487B5812-8BCE-4450-8EC5-83BAA507396B}.AppStore|iPhoneSimulator.ActiveCfg = Release|x86
		{487B5812-8BCE-4450-8EC5-83BAA507396B}.AppStore|iPhoneSimulator.Build.0 = Release|x86
		{487B5812-8BCE-4450-8EC5-83BAA507396B}.AppStore|iPhoneSimulator.Deploy.0 = Release|x86
		{487B5812-8BCE-4450-8EC5-83BAA507396B}.AppStore|x64.ActiveCfg = Release|x64
		{487B5812-8BCE-4450-8EC5-83BAA507396B}.AppStore|x64.Build.0 = Release|x64
		{487B5812-8BCE-4450-8EC5-83BAA507396B}.AppStore|x64.Deploy.0 = Release|x64
		{487B5812-8BCE-4450-8EC5-83BAA507396B}.AppStore|x86.ActiveCfg = Release|x86
		{487B5812-8BCE-4450-8EC5-83BAA507396B}.AppStore|x86.Build.0 = Release|x86
		{487B5812-8BCE-4450-8EC5-83BAA507396B}.AppStore|x86.Deploy.0 = Release|x86
		{487B5812-8BCE-4450-8EC5-83BAA507396B}.Debug|Any CPU.ActiveCfg = Debug|x86
		{487B5812-8BCE-4450-8EC5-83BAA507396B}.Debug|ARM.ActiveCfg = Debug|ARM
		{487B5812-8BCE-4450-8EC5-83BAA507396B}.Debug|ARM.Build.0 = Debug|ARM
		{487B5812-8BCE-4450-8EC5-83BAA507396B}.Debug|ARM.Deploy.0 = Debug|ARM
		{487B5812-8BCE-4450-8EC5-83BAA507396B}.Debug|iPhone.ActiveCfg = Debug|x86
		{487B5812-8BCE-4450-8EC5-83BAA507396B}.Debug|iPhoneSimulator.ActiveCfg = Debug|x86
		{487B5812-8BCE-4450-8EC5-83BAA507396B}.Debug|x64.ActiveCfg = Debug|x64
		{487B5812-8BCE-4450-8EC5-83BAA507396B}.Debug|x64.Build.0 = Debug|x64
		{487B5812-8BCE-4450-8EC5-83BAA507396B}.Debug|x64.Deploy.0 = Debug|x64
		{487B5812-8BCE-4450-8EC5-83BAA507396B}.Debug|x86.ActiveCfg = Debug|x86
		{487B5812-8BCE-4450-8EC5-83BAA507396B}.Debug|x86.Build.0 = Debug|x86
		{487B5812-8BCE-4450-8EC5-83BAA507396B}.Debug|x86.Deploy.0 = Debug|x86
		{487B5812-8BCE-4450-8EC5-83BAA507396B}.Release|Any CPU.ActiveCfg = Release|x86
		{487B5812-8BCE-4450-8EC5-83BAA507396B}.Release|ARM.ActiveCfg = Release|ARM
		{487B5812-8BCE-4450-8EC5-83BAA507396B}.Release|ARM.Build.0 = Release|ARM
		{487B5812-8BCE-4450-8EC5-83BAA507396B}.Release|ARM.Deploy.0 = Release|ARM
		{487B5812-8BCE-4450-8EC5-83BAA507396B}.Release|iPhone.ActiveCfg = Release|x86
		{487B5812-8BCE-4450-8EC5-83BAA507396B}.Release|iPhoneSimulator.ActiveCfg = Release|x86
		{487B5812-8BCE-4450-8EC5-83BAA507396B}.Release|x64.ActiveCfg = Release|x64
		{487B5812-8BCE-4450-8EC5-83BAA507396B}.Release|x64.Build.0 = Release|x64
		{487B5812-8BCE-4450-8EC5-83BAA507396B}.Release|x64.Deploy.0 = Release|x64
		{487B5812-8BCE-4450-8EC5-83BAA507396B}.Release|x86.ActiveCfg = Release|x86
		{487B5812-8BCE-4450-8EC5-83BAA507396B}.Release|x86.Build.0 = Release|x86
		{487B5812-8BCE-4450-8EC5-83BAA507396B}.Release|x86.Deploy.0 = Release|x86
		{201BF829-6EBF-4963-937D-92F524419A14}.Ad-Hoc|Any CPU.ActiveCfg = Ad-Hoc|iPhone
		{201BF829-6EBF-4963-937D-92F524419A14}.Ad-Hoc|ARM.ActiveCfg = Ad-Hoc|iPhone
		{201BF829-6EBF-4963-937D-92F524419A14}.Ad-Hoc|iPhone.ActiveCfg = Ad-Hoc|iPhone
		{201BF829-6EBF-4963-937D-92F524419A14}.Ad-Hoc|iPhone.Build.0 = Ad-Hoc|iPhone
		{201BF829-6EBF-4963-937D-92F524419A14}.Ad-Hoc|iPhoneSimulator.ActiveCfg = Ad-Hoc|iPhoneSimulator
		{201BF829-6EBF-4963-937D-92F524419A14}.Ad-Hoc|iPhoneSimulator.Build.0 = Ad-Hoc|iPhoneSimulator
		{201BF829-6EBF-4963-937D-92F524419A14}.Ad-Hoc|x64.ActiveCfg = Ad-Hoc|iPhone
		{201BF829-6EBF-4963-937D-92F524419A14}.Ad-Hoc|x86.ActiveCfg = Ad-Hoc|iPhone
		{201BF829-6EBF-4963-937D-92F524419A14}.AppStore|Any CPU.ActiveCfg = AppStore|iPhone
		{201BF829-6EBF-4963-937D-92F524419A14}.AppStore|ARM.ActiveCfg = AppStore|iPhone
		{201BF829-6EBF-4963-937D-92F524419A14}.AppStore|iPhone.ActiveCfg = AppStore|iPhone
		{201BF829-6EBF-4963-937D-92F524419A14}.AppStore|iPhone.Build.0 = AppStore|iPhone
		{201BF829-6EBF-4963-937D-92F524419A14}.AppStore|iPhoneSimulator.ActiveCfg = AppStore|iPhoneSimulator
		{201BF829-6EBF-4963-937D-92F524419A14}.AppStore|iPhoneSimulator.Build.0 = AppStore|iPhoneSimulator
		{201BF829-6EBF-4963-937D-92F524419A14}.AppStore|x64.ActiveCfg = AppStore|iPhone
		{201BF829-6EBF-4963-937D-92F524419A14}.AppStore|x86.ActiveCfg = AppStore|iPhone
		{201BF829-6EBF-4963-937D-92F524419A14}.Debug|Any CPU.ActiveCfg = Debug|iPhone
		{201BF829-6EBF-4963-937D-92F524419A14}.Debug|ARM.ActiveCfg = Debug|iPhone
		{201BF829-6EBF-4963-937D-92F524419A14}.Debug|iPhone.ActiveCfg = Debug|iPhone
		{201BF829-6EBF-4963-937D-92F524419A14}.Debug|iPhone.Build.0 = Debug|iPhone
		{201BF829-6EBF-4963-937D-92F524419A14}.Debug|iPhoneSimulator.ActiveCfg = Debug|iPhoneSimulator
		{201BF829-6EBF-4963-937D-92F524419A14}.Debug|iPhoneSimulator.Build.0 = Debug|iPhoneSimulator
		{201BF829-6EBF-4963-937D-92F524419A14}.Debug|x64.ActiveCfg = Debug|iPhone
		{201BF829-6EBF-4963-937D-92F524419A14}.Debug|x86.ActiveCfg = Debug|iPhone
		{201BF829-6EBF-4963-937D-92F524419A14}.Release|Any CPU.ActiveCfg = Release|iPhone
		{201BF829-6EBF-4963-937D-92F524419A14}.Release|ARM.ActiveCfg = Release|iPhone
		{201BF829-6EBF-4963-937D-92F524419A14}.Release|iPhone.ActiveCfg = Release|iPhone
		{201BF829-6EBF-4963-937D-92F524419A14}.Release|iPhone.Build.0 = Release|iPhone
		{201BF829-6EBF-4963-937D-92F524419A14}.Release|iPhoneSimulator.ActiveCfg = Release|iPhoneSimulator
		{201BF829-6EBF-4963-937D-92F524419A14}.Release|iPhoneSimulator.Build.0 = Release|iPhoneSimulator
		{201BF829-6EBF-4963-937D-92F524419A14}.Release|x64.ActiveCfg = Release|iPhone
		{201BF829-6EBF-4963-937D-92F524419A14}.Release|x86.ActiveCfg = Release|iPhone
	EndGlobalSection
	GlobalSection(SolutionProperties) = preSolution
		HideSolutionNode = FALSE
	EndGlobalSection
	GlobalSection(ExtensibilityGlobals) = postSolution
		SolutionGuid = {AE56EE86-ED02-4D2C-98C5-82F06258987A}
	EndGlobalSection
EndGlobal
